// !$*UTF8*$!
{
	archiveVersion = 1;
	classes = {
	};
	objectVersion = 46;
	objects = {

/* Begin PBXBuildFile section */
		9916E79B1CE1D7C4001AAFAF /* IHFLoginView.swift in Sources */ = {isa = PBXBuildFile; fileRef = 9916E7961CE1D7C4001AAFAF /* IHFLoginView.swift */; };
		9916E79C1CE1D7C4001AAFAF /* IHFLoginViewController.swift in Sources */ = {isa = PBXBuildFile; fileRef = 9916E7981CE1D7C4001AAFAF /* IHFLoginViewController.swift */; };
		9916E79D1CE1D7C4001AAFAF /* IHFRisViewController.swift in Sources */ = {isa = PBXBuildFile; fileRef = 9916E79A1CE1D7C4001AAFAF /* IHFRisViewController.swift */; };
		9916E7A11CE1D7EB001AAFAF /* IHFMAccountModel.swift in Sources */ = {isa = PBXBuildFile; fileRef = 9916E7A01CE1D7EB001AAFAF /* IHFMAccountModel.swift */; };
		9916E7A41CE1D813001AAFAF /* IHFSupportDefine.swift in Sources */ = {isa = PBXBuildFile; fileRef = 9916E7A31CE1D813001AAFAF /* IHFSupportDefine.swift */; };
		9916E7A71CE1D83B001AAFAF /* IHFN_Login.swift in Sources */ = {isa = PBXBuildFile; fileRef = 9916E7A61CE1D83B001AAFAF /* IHFN_Login.swift */; };
		9916E7C61CE1D865001AAFAF /* IHEFEVersion.png in Resources */ = {isa = PBXBuildFile; fileRef = 9916E7AA1CE1D865001AAFAF /* IHEFEVersion.png */; };
		9916E7C71CE1D865001AAFAF /* IHEFEVersionPRO.png in Resources */ = {isa = PBXBuildFile; fileRef = 9916E7AB1CE1D865001AAFAF /* IHEFEVersionPRO.png */; };
		9916E7C81CE1D865001AAFAF /* AFHTTPRequestOperation.m in Sources */ = {isa = PBXBuildFile; fileRef = 9916E7AF1CE1D865001AAFAF /* AFHTTPRequestOperation.m */; };
		9916E7C91CE1D865001AAFAF /* AFHTTPRequestOperationManager.m in Sources */ = {isa = PBXBuildFile; fileRef = 9916E7B11CE1D865001AAFAF /* AFHTTPRequestOperationManager.m */; };
		9916E7CA1CE1D865001AAFAF /* AFHTTPSessionManager.m in Sources */ = {isa = PBXBuildFile; fileRef = 9916E7B31CE1D865001AAFAF /* AFHTTPSessionManager.m */; };
		9916E7CB1CE1D865001AAFAF /* AFNetworkReachabilityManager.m in Sources */ = {isa = PBXBuildFile; fileRef = 9916E7B61CE1D865001AAFAF /* AFNetworkReachabilityManager.m */; };
		9916E7CC1CE1D865001AAFAF /* AFSecurityPolicy.m in Sources */ = {isa = PBXBuildFile; fileRef = 9916E7B81CE1D865001AAFAF /* AFSecurityPolicy.m */; };
		9916E7CD1CE1D865001AAFAF /* AFURLConnectionOperation.m in Sources */ = {isa = PBXBuildFile; fileRef = 9916E7BA1CE1D865001AAFAF /* AFURLConnectionOperation.m */; };
		9916E7CE1CE1D865001AAFAF /* AFURLRequestSerialization.m in Sources */ = {isa = PBXBuildFile; fileRef = 9916E7BC1CE1D865001AAFAF /* AFURLRequestSerialization.m */; };
		9916E7CF1CE1D865001AAFAF /* AFURLResponseSerialization.m in Sources */ = {isa = PBXBuildFile; fileRef = 9916E7BE1CE1D865001AAFAF /* AFURLResponseSerialization.m */; };
		9916E7D01CE1D865001AAFAF /* AFURLSessionManager.m in Sources */ = {isa = PBXBuildFile; fileRef = 9916E7C01CE1D865001AAFAF /* AFURLSessionManager.m */; };
		9916E7D11CE1D865001AAFAF /* CKHttpClient.m in Sources */ = {isa = PBXBuildFile; fileRef = 9916E7C21CE1D865001AAFAF /* CKHttpClient.m */; };
		9916E7D21CE1D865001AAFAF /* IHFMAlertView.swift in Sources */ = {isa = PBXBuildFile; fileRef = 9916E7C31CE1D865001AAFAF /* IHFMAlertView.swift */; };
		991774EE1CE30270007608D4 /* IHFRisRightView.swift in Sources */ = {isa = PBXBuildFile; fileRef = 991774ED1CE30270007608D4 /* IHFRisRightView.swift */; };
		991774F01CE3133C007608D4 /* IHFRisSearchView.swift in Sources */ = {isa = PBXBuildFile; fileRef = 991774EF1CE3133C007608D4 /* IHFRisSearchView.swift */; };
		99236A621CE1CABF007B558D /* AppDelegate.swift in Sources */ = {isa = PBXBuildFile; fileRef = 99236A611CE1CABF007B558D /* AppDelegate.swift */; };
		99236A641CE1CABF007B558D /* ViewController.swift in Sources */ = {isa = PBXBuildFile; fileRef = 99236A631CE1CABF007B558D /* ViewController.swift */; };
		99236A671CE1CABF007B558D /* Main.storyboard in Resources */ = {isa = PBXBuildFile; fileRef = 99236A651CE1CABF007B558D /* Main.storyboard */; };
		99236A691CE1CABF007B558D /* Assets.xcassets in Resources */ = {isa = PBXBuildFile; fileRef = 99236A681CE1CABF007B558D /* Assets.xcassets */; };
		99236A6C1CE1CABF007B558D /* LaunchScreen.storyboard in Resources */ = {isa = PBXBuildFile; fileRef = 99236A6A1CE1CABF007B558D /* LaunchScreen.storyboard */; };
		99236A771CE1CABF007B558D /* EgamiCidemTests.swift in Sources */ = {isa = PBXBuildFile; fileRef = 99236A761CE1CABF007B558D /* EgamiCidemTests.swift */; };
		99236A821CE1CABF007B558D /* EgamiCidemUITests.swift in Sources */ = {isa = PBXBuildFile; fileRef = 99236A811CE1CABF007B558D /* EgamiCidemUITests.swift */; };
		992B034C1CE345E200B72E6D /* IHFRisListView.swift in Sources */ = {isa = PBXBuildFile; fileRef = 992B034B1CE345E200B72E6D /* IHFRisListView.swift */; };
		992B03531CE3478900B72E6D /* DGElasticPullToRefreshConstants.swift in Sources */ = {isa = PBXBuildFile; fileRef = 992B034E1CE3478900B72E6D /* DGElasticPullToRefreshConstants.swift */; };
		992B03541CE3478900B72E6D /* DGElasticPullToRefreshExtensions.swift in Sources */ = {isa = PBXBuildFile; fileRef = 992B034F1CE3478900B72E6D /* DGElasticPullToRefreshExtensions.swift */; };
		992B03551CE3478900B72E6D /* DGElasticPullToRefreshLoadingView.swift in Sources */ = {isa = PBXBuildFile; fileRef = 992B03501CE3478900B72E6D /* DGElasticPullToRefreshLoadingView.swift */; };
		992B03561CE3478900B72E6D /* DGElasticPullToRefreshLoadingViewCircle.swift in Sources */ = {isa = PBXBuildFile; fileRef = 992B03511CE3478900B72E6D /* DGElasticPullToRefreshLoadingViewCircle.swift */; };
		992B03571CE3478900B72E6D /* DGElasticPullToRefreshView.swift in Sources */ = {isa = PBXBuildFile; fileRef = 992B03521CE3478900B72E6D /* DGElasticPullToRefreshView.swift */; };
		992B03651CE3521C00B72E6D /* ThFootRefreshView.swift in Sources */ = {isa = PBXBuildFile; fileRef = 992B035A1CE3521C00B72E6D /* ThFootRefreshView.swift */; };
		992B03661CE3521C00B72E6D /* ThHeadArrowRefreshView.swift in Sources */ = {isa = PBXBuildFile; fileRef = 992B035C1CE3521C00B72E6D /* ThHeadArrowRefreshView.swift */; };
		992B03671CE3521C00B72E6D /* ThHeadBounceRefreshView.swift in Sources */ = {isa = PBXBuildFile; fileRef = 992B035D1CE3521C00B72E6D /* ThHeadBounceRefreshView.swift */; };
		992B03681CE3521C00B72E6D /* ThHeadRefreshView.swift in Sources */ = {isa = PBXBuildFile; fileRef = 992B035E1CE3521C00B72E6D /* ThHeadRefreshView.swift */; };
		992B03691CE3521C00B72E6D /* ThRefresh.bundle in Resources */ = {isa = PBXBuildFile; fileRef = 992B035F1CE3521C00B72E6D /* ThRefresh.bundle */; };
		992B036A1CE3521C00B72E6D /* ThRefreshBasicView.swift in Sources */ = {isa = PBXBuildFile; fileRef = 992B03601CE3521C00B72E6D /* ThRefreshBasicView.swift */; };
		992B036B1CE3521C00B72E6D /* ThRefreshConst.swift in Sources */ = {isa = PBXBuildFile; fileRef = 992B03611CE3521C00B72E6D /* ThRefreshConst.swift */; };
		992B036C1CE3521C00B72E6D /* UIScrollView+Extension.swift in Sources */ = {isa = PBXBuildFile; fileRef = 992B03621CE3521C00B72E6D /* UIScrollView+Extension.swift */; };
		992B036D1CE3521C00B72E6D /* UIScrollView+ThRefresh.swift in Sources */ = {isa = PBXBuildFile; fileRef = 992B03631CE3521C00B72E6D /* UIScrollView+ThRefresh.swift */; };
		992B036E1CE3521C00B72E6D /* UIView+Extension.swift in Sources */ = {isa = PBXBuildFile; fileRef = 992B03641CE3521C00B72E6D /* UIView+Extension.swift */; };
		997EEC781CE5858D00BC6E65 /* IHFN_Ris.swift in Sources */ = {isa = PBXBuildFile; fileRef = 997EEC771CE5858D00BC6E65 /* IHFN_Ris.swift */; };
		99A3C4E01CE9B6B600EB5680 /* IHFRisModelCollection.swift in Sources */ = {isa = PBXBuildFile; fileRef = 99A3C4DF1CE9B6B600EB5680 /* IHFRisModelCollection.swift */; };
		99D1BB621CE2DBC8007A438C /* IHFRisLeftView.swift in Sources */ = {isa = PBXBuildFile; fileRef = 99D1BB611CE2DBC8007A438C /* IHFRisLeftView.swift */; };
		99E6B4601CE5898500EF0077 /* IHFMantleHTL.swift in Sources */ = {isa = PBXBuildFile; fileRef = 99E6B45F1CE5898500EF0077 /* IHFMantleHTL.swift */; };
		99F82F191CE6232C00B4A45F /* IHFRisReportView.swift in Sources */ = {isa = PBXBuildFile; fileRef = 99F82F181CE6232C00B4A45F /* IHFRisReportView.swift */; };
		99F82F1F1CE953B900B4A45F /* IHFRisSeriesListView.swift in Sources */ = {isa = PBXBuildFile; fileRef = 99F82F1E1CE953B900B4A45F /* IHFRisSeriesListView.swift */; };
		99FE942C1CE5C34E00357992 /* IHFPatientListCell.swift in Sources */ = {isa = PBXBuildFile; fileRef = 99FE942B1CE5C34E00357992 /* IHFPatientListCell.swift */; };
/* End PBXBuildFile section */

/* Begin PBXContainerItemProxy section */
		99236A731CE1CABF007B558D /* PBXContainerItemProxy */ = {
			isa = PBXContainerItemProxy;
			containerPortal = 99236A561CE1CABF007B558D /* Project object */;
			proxyType = 1;
			remoteGlobalIDString = 99236A5D1CE1CABF007B558D;
			remoteInfo = EgamiCidem;
		};
		99236A7E1CE1CABF007B558D /* PBXContainerItemProxy */ = {
			isa = PBXContainerItemProxy;
			containerPortal = 99236A561CE1CABF007B558D /* Project object */;
			proxyType = 1;
			remoteGlobalIDString = 99236A5D1CE1CABF007B558D;
			remoteInfo = EgamiCidem;
		};
/* End PBXContainerItemProxy section */

/* Begin PBXFileReference section */
		9916E7961CE1D7C4001AAFAF /* IHFLoginView.swift */ = {isa = PBXFileReference; fileEncoding = 4; lastKnownFileType = sourcecode.swift; path = IHFLoginView.swift; sourceTree = "<group>"; };
		9916E7981CE1D7C4001AAFAF /* IHFLoginViewController.swift */ = {isa = PBXFileReference; fileEncoding = 4; lastKnownFileType = sourcecode.swift; path = IHFLoginViewController.swift; sourceTree = "<group>"; };
		9916E79A1CE1D7C4001AAFAF /* IHFRisViewController.swift */ = {isa = PBXFileReference; fileEncoding = 4; lastKnownFileType = sourcecode.swift; path = IHFRisViewController.swift; sourceTree = "<group>"; };
		9916E7A01CE1D7EB001AAFAF /* IHFMAccountModel.swift */ = {isa = PBXFileReference; fileEncoding = 4; lastKnownFileType = sourcecode.swift; path = IHFMAccountModel.swift; sourceTree = "<group>"; };
		9916E7A31CE1D813001AAFAF /* IHFSupportDefine.swift */ = {isa = PBXFileReference; fileEncoding = 4; lastKnownFileType = sourcecode.swift; path = IHFSupportDefine.swift; sourceTree = "<group>"; };
		9916E7A61CE1D83B001AAFAF /* IHFN_Login.swift */ = {isa = PBXFileReference; fileEncoding = 4; lastKnownFileType = sourcecode.swift; path = IHFN_Login.swift; sourceTree = "<group>"; };
		9916E7AA1CE1D865001AAFAF /* IHEFEVersion.png */ = {isa = PBXFileReference; lastKnownFileType = image.png; path = IHEFEVersion.png; sourceTree = "<group>"; };
		9916E7AB1CE1D865001AAFAF /* IHEFEVersionPRO.png */ = {isa = PBXFileReference; lastKnownFileType = image.png; path = IHEFEVersionPRO.png; sourceTree = "<group>"; };
		9916E7AE1CE1D865001AAFAF /* AFHTTPRequestOperation.h */ = {isa = PBXFileReference; fileEncoding = 4; lastKnownFileType = sourcecode.c.h; path = AFHTTPRequestOperation.h; sourceTree = "<group>"; };
		9916E7AF1CE1D865001AAFAF /* AFHTTPRequestOperation.m */ = {isa = PBXFileReference; fileEncoding = 4; lastKnownFileType = sourcecode.c.objc; path = AFHTTPRequestOperation.m; sourceTree = "<group>"; };
		9916E7B01CE1D865001AAFAF /* AFHTTPRequestOperationManager.h */ = {isa = PBXFileReference; fileEncoding = 4; lastKnownFileType = sourcecode.c.h; path = AFHTTPRequestOperationManager.h; sourceTree = "<group>"; };
		9916E7B11CE1D865001AAFAF /* AFHTTPRequestOperationManager.m */ = {isa = PBXFileReference; fileEncoding = 4; lastKnownFileType = sourcecode.c.objc; path = AFHTTPRequestOperationManager.m; sourceTree = "<group>"; };
		9916E7B21CE1D865001AAFAF /* AFHTTPSessionManager.h */ = {isa = PBXFileReference; fileEncoding = 4; lastKnownFileType = sourcecode.c.h; path = AFHTTPSessionManager.h; sourceTree = "<group>"; };
		9916E7B31CE1D865001AAFAF /* AFHTTPSessionManager.m */ = {isa = PBXFileReference; fileEncoding = 4; lastKnownFileType = sourcecode.c.objc; path = AFHTTPSessionManager.m; sourceTree = "<group>"; };
		9916E7B41CE1D865001AAFAF /* AFNetworking.h */ = {isa = PBXFileReference; fileEncoding = 4; lastKnownFileType = sourcecode.c.h; path = AFNetworking.h; sourceTree = "<group>"; };
		9916E7B51CE1D865001AAFAF /* AFNetworkReachabilityManager.h */ = {isa = PBXFileReference; fileEncoding = 4; lastKnownFileType = sourcecode.c.h; path = AFNetworkReachabilityManager.h; sourceTree = "<group>"; };
		9916E7B61CE1D865001AAFAF /* AFNetworkReachabilityManager.m */ = {isa = PBXFileReference; fileEncoding = 4; lastKnownFileType = sourcecode.c.objc; path = AFNetworkReachabilityManager.m; sourceTree = "<group>"; };
		9916E7B71CE1D865001AAFAF /* AFSecurityPolicy.h */ = {isa = PBXFileReference; fileEncoding = 4; lastKnownFileType = sourcecode.c.h; path = AFSecurityPolicy.h; sourceTree = "<group>"; };
		9916E7B81CE1D865001AAFAF /* AFSecurityPolicy.m */ = {isa = PBXFileReference; fileEncoding = 4; lastKnownFileType = sourcecode.c.objc; path = AFSecurityPolicy.m; sourceTree = "<group>"; };
		9916E7B91CE1D865001AAFAF /* AFURLConnectionOperation.h */ = {isa = PBXFileReference; fileEncoding = 4; lastKnownFileType = sourcecode.c.h; path = AFURLConnectionOperation.h; sourceTree = "<group>"; };
		9916E7BA1CE1D865001AAFAF /* AFURLConnectionOperation.m */ = {isa = PBXFileReference; fileEncoding = 4; lastKnownFileType = sourcecode.c.objc; path = AFURLConnectionOperation.m; sourceTree = "<group>"; };
		9916E7BB1CE1D865001AAFAF /* AFURLRequestSerialization.h */ = {isa = PBXFileReference; fileEncoding = 4; lastKnownFileType = sourcecode.c.h; path = AFURLRequestSerialization.h; sourceTree = "<group>"; };
		9916E7BC1CE1D865001AAFAF /* AFURLRequestSerialization.m */ = {isa = PBXFileReference; fileEncoding = 4; lastKnownFileType = sourcecode.c.objc; path = AFURLRequestSerialization.m; sourceTree = "<group>"; };
		9916E7BD1CE1D865001AAFAF /* AFURLResponseSerialization.h */ = {isa = PBXFileReference; fileEncoding = 4; lastKnownFileType = sourcecode.c.h; path = AFURLResponseSerialization.h; sourceTree = "<group>"; };
		9916E7BE1CE1D865001AAFAF /* AFURLResponseSerialization.m */ = {isa = PBXFileReference; fileEncoding = 4; lastKnownFileType = sourcecode.c.objc; path = AFURLResponseSerialization.m; sourceTree = "<group>"; };
		9916E7BF1CE1D865001AAFAF /* AFURLSessionManager.h */ = {isa = PBXFileReference; fileEncoding = 4; lastKnownFileType = sourcecode.c.h; path = AFURLSessionManager.h; sourceTree = "<group>"; };
		9916E7C01CE1D865001AAFAF /* AFURLSessionManager.m */ = {isa = PBXFileReference; fileEncoding = 4; lastKnownFileType = sourcecode.c.objc; path = AFURLSessionManager.m; sourceTree = "<group>"; };
		9916E7C11CE1D865001AAFAF /* CKHttpClient.h */ = {isa = PBXFileReference; fileEncoding = 4; lastKnownFileType = sourcecode.c.h; path = CKHttpClient.h; sourceTree = "<group>"; };
		9916E7C21CE1D865001AAFAF /* CKHttpClient.m */ = {isa = PBXFileReference; fileEncoding = 4; lastKnownFileType = sourcecode.c.objc; path = CKHttpClient.m; sourceTree = "<group>"; };
		9916E7C31CE1D865001AAFAF /* IHFMAlertView.swift */ = {isa = PBXFileReference; fileEncoding = 4; lastKnownFileType = sourcecode.swift; path = IHFMAlertView.swift; sourceTree = "<group>"; };
		991774ED1CE30270007608D4 /* IHFRisRightView.swift */ = {isa = PBXFileReference; fileEncoding = 4; lastKnownFileType = sourcecode.swift; path = IHFRisRightView.swift; sourceTree = "<group>"; };
		991774EF1CE3133C007608D4 /* IHFRisSearchView.swift */ = {isa = PBXFileReference; fileEncoding = 4; lastKnownFileType = sourcecode.swift; path = IHFRisSearchView.swift; sourceTree = "<group>"; };
		99236A5E1CE1CABF007B558D /* EgamiCidem.app */ = {isa = PBXFileReference; explicitFileType = wrapper.application; includeInIndex = 0; path = EgamiCidem.app; sourceTree = BUILT_PRODUCTS_DIR; };
		99236A611CE1CABF007B558D /* AppDelegate.swift */ = {isa = PBXFileReference; lastKnownFileType = sourcecode.swift; path = AppDelegate.swift; sourceTree = "<group>"; };
		99236A631CE1CABF007B558D /* ViewController.swift */ = {isa = PBXFileReference; lastKnownFileType = sourcecode.swift; path = ViewController.swift; sourceTree = "<group>"; };
		99236A661CE1CABF007B558D /* Base */ = {isa = PBXFileReference; lastKnownFileType = file.storyboard; name = Base; path = Base.lproj/Main.storyboard; sourceTree = "<group>"; };
		99236A681CE1CABF007B558D /* Assets.xcassets */ = {isa = PBXFileReference; lastKnownFileType = folder.assetcatalog; path = Assets.xcassets; sourceTree = "<group>"; };
		99236A6B1CE1CABF007B558D /* Base */ = {isa = PBXFileReference; lastKnownFileType = file.storyboard; name = Base; path = Base.lproj/LaunchScreen.storyboard; sourceTree = "<group>"; };
		99236A6D1CE1CABF007B558D /* Info.plist */ = {isa = PBXFileReference; lastKnownFileType = text.plist.xml; path = Info.plist; sourceTree = "<group>"; };
		99236A721CE1CABF007B558D /* EgamiCidemTests.xctest */ = {isa = PBXFileReference; explicitFileType = wrapper.cfbundle; includeInIndex = 0; path = EgamiCidemTests.xctest; sourceTree = BUILT_PRODUCTS_DIR; };
		99236A761CE1CABF007B558D /* EgamiCidemTests.swift */ = {isa = PBXFileReference; lastKnownFileType = sourcecode.swift; path = EgamiCidemTests.swift; sourceTree = "<group>"; };
		99236A781CE1CABF007B558D /* Info.plist */ = {isa = PBXFileReference; lastKnownFileType = text.plist.xml; path = Info.plist; sourceTree = "<group>"; };
		99236A7D1CE1CABF007B558D /* EgamiCidemUITests.xctest */ = {isa = PBXFileReference; explicitFileType = wrapper.cfbundle; includeInIndex = 0; path = EgamiCidemUITests.xctest; sourceTree = BUILT_PRODUCTS_DIR; };
		99236A811CE1CABF007B558D /* EgamiCidemUITests.swift */ = {isa = PBXFileReference; lastKnownFileType = sourcecode.swift; path = EgamiCidemUITests.swift; sourceTree = "<group>"; };
		99236A831CE1CABF007B558D /* Info.plist */ = {isa = PBXFileReference; lastKnownFileType = text.plist.xml; path = Info.plist; sourceTree = "<group>"; };
		99236AD71CE1CD15007B558D /* EgamiCidem-Bridging-Header.h */ = {isa = PBXFileReference; lastKnownFileType = sourcecode.c.h; path = "EgamiCidem-Bridging-Header.h"; sourceTree = "<group>"; };
		992B034B1CE345E200B72E6D /* IHFRisListView.swift */ = {isa = PBXFileReference; fileEncoding = 4; lastKnownFileType = sourcecode.swift; path = IHFRisListView.swift; sourceTree = "<group>"; };
		992B034E1CE3478900B72E6D /* DGElasticPullToRefreshConstants.swift */ = {isa = PBXFileReference; fileEncoding = 4; lastKnownFileType = sourcecode.swift; path = DGElasticPullToRefreshConstants.swift; sourceTree = "<group>"; };
		992B034F1CE3478900B72E6D /* DGElasticPullToRefreshExtensions.swift */ = {isa = PBXFileReference; fileEncoding = 4; lastKnownFileType = sourcecode.swift; path = DGElasticPullToRefreshExtensions.swift; sourceTree = "<group>"; };
		992B03501CE3478900B72E6D /* DGElasticPullToRefreshLoadingView.swift */ = {isa = PBXFileReference; fileEncoding = 4; lastKnownFileType = sourcecode.swift; path = DGElasticPullToRefreshLoadingView.swift; sourceTree = "<group>"; };
		992B03511CE3478900B72E6D /* DGElasticPullToRefreshLoadingViewCircle.swift */ = {isa = PBXFileReference; fileEncoding = 4; lastKnownFileType = sourcecode.swift; path = DGElasticPullToRefreshLoadingViewCircle.swift; sourceTree = "<group>"; };
		992B03521CE3478900B72E6D /* DGElasticPullToRefreshView.swift */ = {isa = PBXFileReference; fileEncoding = 4; lastKnownFileType = sourcecode.swift; path = DGElasticPullToRefreshView.swift; sourceTree = "<group>"; };
		992B035A1CE3521C00B72E6D /* ThFootRefreshView.swift */ = {isa = PBXFileReference; fileEncoding = 4; lastKnownFileType = sourcecode.swift; path = ThFootRefreshView.swift; sourceTree = "<group>"; };
		992B035C1CE3521C00B72E6D /* ThHeadArrowRefreshView.swift */ = {isa = PBXFileReference; fileEncoding = 4; lastKnownFileType = sourcecode.swift; path = ThHeadArrowRefreshView.swift; sourceTree = "<group>"; };
		992B035D1CE3521C00B72E6D /* ThHeadBounceRefreshView.swift */ = {isa = PBXFileReference; fileEncoding = 4; lastKnownFileType = sourcecode.swift; path = ThHeadBounceRefreshView.swift; sourceTree = "<group>"; };
		992B035E1CE3521C00B72E6D /* ThHeadRefreshView.swift */ = {isa = PBXFileReference; fileEncoding = 4; lastKnownFileType = sourcecode.swift; path = ThHeadRefreshView.swift; sourceTree = "<group>"; };
		992B035F1CE3521C00B72E6D /* ThRefresh.bundle */ = {isa = PBXFileReference; lastKnownFileType = "wrapper.plug-in"; path = ThRefresh.bundle; sourceTree = "<group>"; };
		992B03601CE3521C00B72E6D /* ThRefreshBasicView.swift */ = {isa = PBXFileReference; fileEncoding = 4; lastKnownFileType = sourcecode.swift; path = ThRefreshBasicView.swift; sourceTree = "<group>"; };
		992B03611CE3521C00B72E6D /* ThRefreshConst.swift */ = {isa = PBXFileReference; fileEncoding = 4; lastKnownFileType = sourcecode.swift; path = ThRefreshConst.swift; sourceTree = "<group>"; };
		992B03621CE3521C00B72E6D /* UIScrollView+Extension.swift */ = {isa = PBXFileReference; fileEncoding = 4; lastKnownFileType = sourcecode.swift; path = "UIScrollView+Extension.swift"; sourceTree = "<group>"; };
		992B03631CE3521C00B72E6D /* UIScrollView+ThRefresh.swift */ = {isa = PBXFileReference; fileEncoding = 4; lastKnownFileType = sourcecode.swift; path = "UIScrollView+ThRefresh.swift"; sourceTree = "<group>"; };
		992B03641CE3521C00B72E6D /* UIView+Extension.swift */ = {isa = PBXFileReference; fileEncoding = 4; lastKnownFileType = sourcecode.swift; path = "UIView+Extension.swift"; sourceTree = "<group>"; };
		997EEC771CE5858D00BC6E65 /* IHFN_Ris.swift */ = {isa = PBXFileReference; fileEncoding = 4; lastKnownFileType = sourcecode.swift; path = IHFN_Ris.swift; sourceTree = "<group>"; };
		99A3C4DF1CE9B6B600EB5680 /* IHFRisModelCollection.swift */ = {isa = PBXFileReference; fileEncoding = 4; lastKnownFileType = sourcecode.swift; path = IHFRisModelCollection.swift; sourceTree = "<group>"; };
		99D1BB611CE2DBC8007A438C /* IHFRisLeftView.swift */ = {isa = PBXFileReference; fileEncoding = 4; lastKnownFileType = sourcecode.swift; path = IHFRisLeftView.swift; sourceTree = "<group>"; };
		99E6B45F1CE5898500EF0077 /* IHFMantleHTL.swift */ = {isa = PBXFileReference; fileEncoding = 4; lastKnownFileType = sourcecode.swift; path = IHFMantleHTL.swift; sourceTree = "<group>"; };
		99F82F181CE6232C00B4A45F /* IHFRisReportView.swift */ = {isa = PBXFileReference; fileEncoding = 4; lastKnownFileType = sourcecode.swift; path = IHFRisReportView.swift; sourceTree = "<group>"; };
		99F82F1E1CE953B900B4A45F /* IHFRisSeriesListView.swift */ = {isa = PBXFileReference; fileEncoding = 4; lastKnownFileType = sourcecode.swift; path = IHFRisSeriesListView.swift; sourceTree = "<group>"; };
		99FE942B1CE5C34E00357992 /* IHFPatientListCell.swift */ = {isa = PBXFileReference; fileEncoding = 4; lastKnownFileType = sourcecode.swift; path = IHFPatientListCell.swift; sourceTree = "<group>"; };
/* End PBXFileReference section */

/* Begin PBXFrameworksBuildPhase section */
		99236A5B1CE1CABF007B558D /* Frameworks */ = {
			isa = PBXFrameworksBuildPhase;
			buildActionMask = 2147483647;
			files = (
			);
			runOnlyForDeploymentPostprocessing = 0;
		};
		99236A6F1CE1CABF007B558D /* Frameworks */ = {
			isa = PBXFrameworksBuildPhase;
			buildActionMask = 2147483647;
			files = (
			);
			runOnlyForDeploymentPostprocessing = 0;
		};
		99236A7A1CE1CABF007B558D /* Frameworks */ = {
			isa = PBXFrameworksBuildPhase;
			buildActionMask = 2147483647;
			files = (
			);
			runOnlyForDeploymentPostprocessing = 0;
		};
/* End PBXFrameworksBuildPhase section */

/* Begin PBXGroup section */
		9916E7921CE1D7C4001AAFAF /* Class */ = {
			isa = PBXGroup;
			children = (
				9916E7931CE1D7C4001AAFAF /* IHFLogin */,
				9916E7991CE1D7C4001AAFAF /* IHFRis */,
			);
			path = Class;
			sourceTree = "<group>";
		};
		9916E7931CE1D7C4001AAFAF /* IHFLogin */ = {
			isa = PBXGroup;
			children = (
				9916E7941CE1D7C4001AAFAF /* Model */,
				9916E7951CE1D7C4001AAFAF /* View */,
				9916E7971CE1D7C4001AAFAF /* viewController */,
			);
			path = IHFLogin;
			sourceTree = "<group>";
		};
		9916E7941CE1D7C4001AAFAF /* Model */ = {
			isa = PBXGroup;
			children = (
			);
			path = Model;
			sourceTree = "<group>";
		};
		9916E7951CE1D7C4001AAFAF /* View */ = {
			isa = PBXGroup;
			children = (
				9916E7961CE1D7C4001AAFAF /* IHFLoginView.swift */,
			);
			path = View;
			sourceTree = "<group>";
		};
		9916E7971CE1D7C4001AAFAF /* viewController */ = {
			isa = PBXGroup;
			children = (
				9916E7981CE1D7C4001AAFAF /* IHFLoginViewController.swift */,
			);
			path = viewController;
			sourceTree = "<group>";
		};
		9916E7991CE1D7C4001AAFAF /* IHFRis */ = {
			isa = PBXGroup;
			children = (
				99D1BB5E1CE2DB82007A438C /* model */,
				99D1BB5F1CE2DB82007A438C /* view */,
				99D1BB601CE2DB82007A438C /* viewcontroller */,
				9916E79A1CE1D7C4001AAFAF /* IHFRisViewController.swift */,
			);
			path = IHFRis;
			sourceTree = "<group>";
		};
		9916E79E1CE1D7EB001AAFAF /* IHFMedicImageDB */ = {
			isa = PBXGroup;
			children = (
				9916E79F1CE1D7EB001AAFAF /* IHFAccountDB */,
			);
			path = IHFMedicImageDB;
			sourceTree = "<group>";
		};
		9916E79F1CE1D7EB001AAFAF /* IHFAccountDB */ = {
			isa = PBXGroup;
			children = (
				9916E7A01CE1D7EB001AAFAF /* IHFMAccountModel.swift */,
			);
			path = IHFAccountDB;
			sourceTree = "<group>";
		};
		9916E7A21CE1D813001AAFAF /* Support */ = {
			isa = PBXGroup;
			children = (
				9916E7A31CE1D813001AAFAF /* IHFSupportDefine.swift */,
			);
			path = Support;
			sourceTree = "<group>";
		};
		9916E7A51CE1D83B001AAFAF /* iHFMNet */ = {
			isa = PBXGroup;
			children = (
				9916E7A61CE1D83B001AAFAF /* IHFN_Login.swift */,
				997EEC771CE5858D00BC6E65 /* IHFN_Ris.swift */,
			);
			path = iHFMNet;
			sourceTree = "<group>";
		};
		9916E7A81CE1D865001AAFAF /* Resources */ = {
			isa = PBXGroup;
			children = (
				9916E7A91CE1D865001AAFAF /* image */,
				9916E7AC1CE1D865001AAFAF /* Library */,
			);
			path = Resources;
			sourceTree = "<group>";
		};
		9916E7A91CE1D865001AAFAF /* image */ = {
			isa = PBXGroup;
			children = (
				9916E7AA1CE1D865001AAFAF /* IHEFEVersion.png */,
				9916E7AB1CE1D865001AAFAF /* IHEFEVersionPRO.png */,
			);
			path = image;
			sourceTree = "<group>";
		};
		9916E7AC1CE1D865001AAFAF /* Library */ = {
			isa = PBXGroup;
			children = (
				99E6B45E1CE5896700EF0077 /* IHFMantle */,
				992B03581CE3521C00B72E6D /* ThPullRefresh */,
				992B034D1CE3478900B72E6D /* DGElasticPullToRefresh */,
				9916E7AD1CE1D865001AAFAF /* AFNetworking */,
				9916E7C31CE1D865001AAFAF /* IHFMAlertView.swift */,
				9916E7C51CE1D865001AAFAF /* Source */,
			);
			path = Library;
			sourceTree = "<group>";
		};
		9916E7AD1CE1D865001AAFAF /* AFNetworking */ = {
			isa = PBXGroup;
			children = (
				9916E7AE1CE1D865001AAFAF /* AFHTTPRequestOperation.h */,
				9916E7AF1CE1D865001AAFAF /* AFHTTPRequestOperation.m */,
				9916E7B01CE1D865001AAFAF /* AFHTTPRequestOperationManager.h */,
				9916E7B11CE1D865001AAFAF /* AFHTTPRequestOperationManager.m */,
				9916E7B21CE1D865001AAFAF /* AFHTTPSessionManager.h */,
				9916E7B31CE1D865001AAFAF /* AFHTTPSessionManager.m */,
				9916E7B41CE1D865001AAFAF /* AFNetworking.h */,
				9916E7B51CE1D865001AAFAF /* AFNetworkReachabilityManager.h */,
				9916E7B61CE1D865001AAFAF /* AFNetworkReachabilityManager.m */,
				9916E7B71CE1D865001AAFAF /* AFSecurityPolicy.h */,
				9916E7B81CE1D865001AAFAF /* AFSecurityPolicy.m */,
				9916E7B91CE1D865001AAFAF /* AFURLConnectionOperation.h */,
				9916E7BA1CE1D865001AAFAF /* AFURLConnectionOperation.m */,
				9916E7BB1CE1D865001AAFAF /* AFURLRequestSerialization.h */,
				9916E7BC1CE1D865001AAFAF /* AFURLRequestSerialization.m */,
				9916E7BD1CE1D865001AAFAF /* AFURLResponseSerialization.h */,
				9916E7BE1CE1D865001AAFAF /* AFURLResponseSerialization.m */,
				9916E7BF1CE1D865001AAFAF /* AFURLSessionManager.h */,
				9916E7C01CE1D865001AAFAF /* AFURLSessionManager.m */,
				9916E7C11CE1D865001AAFAF /* CKHttpClient.h */,
				9916E7C21CE1D865001AAFAF /* CKHttpClient.m */,
			);
			path = AFNetworking;
			sourceTree = "<group>";
		};
		9916E7C51CE1D865001AAFAF /* Source */ = {
			isa = PBXGroup;
			children = (
			);
			path = Source;
			sourceTree = "<group>";
		};
		99236A551CE1CABF007B558D = {
			isa = PBXGroup;
			children = (
				9916E7A81CE1D865001AAFAF /* Resources */,
				9916E7A51CE1D83B001AAFAF /* iHFMNet */,
				9916E7A21CE1D813001AAFAF /* Support */,
				9916E79E1CE1D7EB001AAFAF /* IHFMedicImageDB */,
				9916E7921CE1D7C4001AAFAF /* Class */,
				99236A601CE1CABF007B558D /* EgamiCidem */,
				99236A751CE1CABF007B558D /* EgamiCidemTests */,
				99236A801CE1CABF007B558D /* EgamiCidemUITests */,
				99236A5F1CE1CABF007B558D /* Products */,
			);
			sourceTree = "<group>";
		};
		99236A5F1CE1CABF007B558D /* Products */ = {
			isa = PBXGroup;
			children = (
				99236A5E1CE1CABF007B558D /* EgamiCidem.app */,
				99236A721CE1CABF007B558D /* EgamiCidemTests.xctest */,
				99236A7D1CE1CABF007B558D /* EgamiCidemUITests.xctest */,
			);
			name = Products;
			sourceTree = "<group>";
		};
		99236A601CE1CABF007B558D /* EgamiCidem */ = {
			isa = PBXGroup;
			children = (
				99236A611CE1CABF007B558D /* AppDelegate.swift */,
				99236A631CE1CABF007B558D /* ViewController.swift */,
				99236A651CE1CABF007B558D /* Main.storyboard */,
				99236A681CE1CABF007B558D /* Assets.xcassets */,
				99236A6A1CE1CABF007B558D /* LaunchScreen.storyboard */,
				99236A6D1CE1CABF007B558D /* Info.plist */,
				99236AD71CE1CD15007B558D /* EgamiCidem-Bridging-Header.h */,
			);
			path = EgamiCidem;
			sourceTree = "<group>";
		};
		99236A751CE1CABF007B558D /* EgamiCidemTests */ = {
			isa = PBXGroup;
			children = (
				99236A761CE1CABF007B558D /* EgamiCidemTests.swift */,
				99236A781CE1CABF007B558D /* Info.plist */,
			);
			path = EgamiCidemTests;
			sourceTree = "<group>";
		};
		99236A801CE1CABF007B558D /* EgamiCidemUITests */ = {
			isa = PBXGroup;
			children = (
				99236A811CE1CABF007B558D /* EgamiCidemUITests.swift */,
				99236A831CE1CABF007B558D /* Info.plist */,
			);
			path = EgamiCidemUITests;
			sourceTree = "<group>";
		};
		992B034D1CE3478900B72E6D /* DGElasticPullToRefresh */ = {
			isa = PBXGroup;
			children = (
				992B034E1CE3478900B72E6D /* DGElasticPullToRefreshConstants.swift */,
				992B034F1CE3478900B72E6D /* DGElasticPullToRefreshExtensions.swift */,
				992B03501CE3478900B72E6D /* DGElasticPullToRefreshLoadingView.swift */,
				992B03511CE3478900B72E6D /* DGElasticPullToRefreshLoadingViewCircle.swift */,
				992B03521CE3478900B72E6D /* DGElasticPullToRefreshView.swift */,
			);
			path = DGElasticPullToRefresh;
			sourceTree = "<group>";
		};
		992B03581CE3521C00B72E6D /* ThPullRefresh */ = {
			isa = PBXGroup;
			children = (
				992B03591CE3521C00B72E6D /* Foot */,
				992B035B1CE3521C00B72E6D /* Head */,
				992B035F1CE3521C00B72E6D /* ThRefresh.bundle */,
				992B03601CE3521C00B72E6D /* ThRefreshBasicView.swift */,
				992B03611CE3521C00B72E6D /* ThRefreshConst.swift */,
				992B03621CE3521C00B72E6D /* UIScrollView+Extension.swift */,
				992B03631CE3521C00B72E6D /* UIScrollView+ThRefresh.swift */,
				992B03641CE3521C00B72E6D /* UIView+Extension.swift */,
			);
			path = ThPullRefresh;
			sourceTree = "<group>";
		};
		992B03591CE3521C00B72E6D /* Foot */ = {
			isa = PBXGroup;
			children = (
				992B035A1CE3521C00B72E6D /* ThFootRefreshView.swift */,
			);
			path = Foot;
			sourceTree = "<group>";
		};
		992B035B1CE3521C00B72E6D /* Head */ = {
			isa = PBXGroup;
			children = (
				992B035C1CE3521C00B72E6D /* ThHeadArrowRefreshView.swift */,
				992B035D1CE3521C00B72E6D /* ThHeadBounceRefreshView.swift */,
				992B035E1CE3521C00B72E6D /* ThHeadRefreshView.swift */,
			);
			path = Head;
			sourceTree = "<group>";
		};
		99D1BB5E1CE2DB82007A438C /* model */ = {
			isa = PBXGroup;
			children = (
				99A3C4DF1CE9B6B600EB5680 /* IHFRisModelCollection.swift */,
			);
			path = model;
			sourceTree = "<group>";
		};
		99D1BB5F1CE2DB82007A438C /* view */ = {
			isa = PBXGroup;
			children = (
				99D1BB611CE2DBC8007A438C /* IHFRisLeftView.swift */,
				992B034B1CE345E200B72E6D /* IHFRisListView.swift */,
				99FE942B1CE5C34E00357992 /* IHFPatientListCell.swift */,
				991774ED1CE30270007608D4 /* IHFRisRightView.swift */,
				99F82F181CE6232C00B4A45F /* IHFRisReportView.swift */,
				99F82F1E1CE953B900B4A45F /* IHFRisSeriesListView.swift */,
				991774EF1CE3133C007608D4 /* IHFRisSearchView.swift */,
			);
			path = view;
			sourceTree = "<group>";
		};
		99D1BB601CE2DB82007A438C /* viewcontroller */ = {
			isa = PBXGroup;
			children = (
			);
			path = viewcontroller;
			sourceTree = "<group>";
		};
		99E6B45E1CE5896700EF0077 /* IHFMantle */ = {
			isa = PBXGroup;
			children = (
				99E6B45F1CE5898500EF0077 /* IHFMantleHTL.swift */,
			);
			path = IHFMantle;
			sourceTree = "<group>";
		};
/* End PBXGroup section */

/* Begin PBXNativeTarget section */
		99236A5D1CE1CABF007B558D /* EgamiCidem */ = {
			isa = PBXNativeTarget;
			buildConfigurationList = 99236A861CE1CABF007B558D /* Build configuration list for PBXNativeTarget "EgamiCidem" */;
			buildPhases = (
				99236A5A1CE1CABF007B558D /* Sources */,
				99236A5B1CE1CABF007B558D /* Frameworks */,
				99236A5C1CE1CABF007B558D /* Resources */,
			);
			buildRules = (
			);
			dependencies = (
			);
			name = EgamiCidem;
			productName = EgamiCidem;
			productReference = 99236A5E1CE1CABF007B558D /* EgamiCidem.app */;
			productType = "com.apple.product-type.application";
		};
		99236A711CE1CABF007B558D /* EgamiCidemTests */ = {
			isa = PBXNativeTarget;
			buildConfigurationList = 99236A891CE1CABF007B558D /* Build configuration list for PBXNativeTarget "EgamiCidemTests" */;
			buildPhases = (
				99236A6E1CE1CABF007B558D /* Sources */,
				99236A6F1CE1CABF007B558D /* Frameworks */,
				99236A701CE1CABF007B558D /* Resources */,
			);
			buildRules = (
			);
			dependencies = (
				99236A741CE1CABF007B558D /* PBXTargetDependency */,
			);
			name = EgamiCidemTests;
			productName = EgamiCidemTests;
			productReference = 99236A721CE1CABF007B558D /* EgamiCidemTests.xctest */;
			productType = "com.apple.product-type.bundle.unit-test";
		};
		99236A7C1CE1CABF007B558D /* EgamiCidemUITests */ = {
			isa = PBXNativeTarget;
			buildConfigurationList = 99236A8C1CE1CABF007B558D /* Build configuration list for PBXNativeTarget "EgamiCidemUITests" */;
			buildPhases = (
				99236A791CE1CABF007B558D /* Sources */,
				99236A7A1CE1CABF007B558D /* Frameworks */,
				99236A7B1CE1CABF007B558D /* Resources */,
			);
			buildRules = (
			);
			dependencies = (
				99236A7F1CE1CABF007B558D /* PBXTargetDependency */,
			);
			name = EgamiCidemUITests;
			productName = EgamiCidemUITests;
			productReference = 99236A7D1CE1CABF007B558D /* EgamiCidemUITests.xctest */;
			productType = "com.apple.product-type.bundle.ui-testing";
		};
/* End PBXNativeTarget section */

/* Begin PBXProject section */
		99236A561CE1CABF007B558D /* Project object */ = {
			isa = PBXProject;
			attributes = {
				LastSwiftUpdateCheck = 0720;
				LastUpgradeCheck = 0720;
				ORGANIZATIONNAME = ihefe_hlh;
				TargetAttributes = {
					99236A5D1CE1CABF007B558D = {
						CreatedOnToolsVersion = 7.2;
						DevelopmentTeam = 2AHKDU2ECU;
					};
					99236A711CE1CABF007B558D = {
						CreatedOnToolsVersion = 7.2;
						TestTargetID = 99236A5D1CE1CABF007B558D;
					};
					99236A7C1CE1CABF007B558D = {
						CreatedOnToolsVersion = 7.2;
						TestTargetID = 99236A5D1CE1CABF007B558D;
					};
				};
			};
			buildConfigurationList = 99236A591CE1CABF007B558D /* Build configuration list for PBXProject "EgamiCidem" */;
			compatibilityVersion = "Xcode 3.2";
			developmentRegion = English;
			hasScannedForEncodings = 0;
			knownRegions = (
				en,
				Base,
			);
			mainGroup = 99236A551CE1CABF007B558D;
			productRefGroup = 99236A5F1CE1CABF007B558D /* Products */;
			projectDirPath = "";
			projectRoot = "";
			targets = (
				99236A5D1CE1CABF007B558D /* EgamiCidem */,
				99236A711CE1CABF007B558D /* EgamiCidemTests */,
				99236A7C1CE1CABF007B558D /* EgamiCidemUITests */,
			);
		};
/* End PBXProject section */

/* Begin PBXResourcesBuildPhase section */
		99236A5C1CE1CABF007B558D /* Resources */ = {
			isa = PBXResourcesBuildPhase;
			buildActionMask = 2147483647;
			files = (
				99236A6C1CE1CABF007B558D /* LaunchScreen.storyboard in Resources */,
				99236A691CE1CABF007B558D /* Assets.xcassets in Resources */,
				9916E7C61CE1D865001AAFAF /* IHEFEVersion.png in Resources */,
				992B03691CE3521C00B72E6D /* ThRefresh.bundle in Resources */,
				9916E7C71CE1D865001AAFAF /* IHEFEVersionPRO.png in Resources */,
				99236A671CE1CABF007B558D /* Main.storyboard in Resources */,
			);
			runOnlyForDeploymentPostprocessing = 0;
		};
		99236A701CE1CABF007B558D /* Resources */ = {
			isa = PBXResourcesBuildPhase;
			buildActionMask = 2147483647;
			files = (
			);
			runOnlyForDeploymentPostprocessing = 0;
		};
		99236A7B1CE1CABF007B558D /* Resources */ = {
			isa = PBXResourcesBuildPhase;
			buildActionMask = 2147483647;
			files = (
			);
			runOnlyForDeploymentPostprocessing = 0;
		};
/* End PBXResourcesBuildPhase section */

/* Begin PBXSourcesBuildPhase section */
		99236A5A1CE1CABF007B558D /* Sources */ = {
			isa = PBXSourcesBuildPhase;
			buildActionMask = 2147483647;
			files = (
				9916E7D01CE1D865001AAFAF /* AFURLSessionManager.m in Sources */,
				991774F01CE3133C007608D4 /* IHFRisSearchView.swift in Sources */,
				9916E7CD1CE1D865001AAFAF /* AFURLConnectionOperation.m in Sources */,
				9916E7D11CE1D865001AAFAF /* CKHttpClient.m in Sources */,
				992B034C1CE345E200B72E6D /* IHFRisListView.swift in Sources */,
				992B03671CE3521C00B72E6D /* ThHeadBounceRefreshView.swift in Sources */,
				9916E7C81CE1D865001AAFAF /* AFHTTPRequestOperation.m in Sources */,
				9916E7A71CE1D83B001AAFAF /* IHFN_Login.swift in Sources */,
				992B03561CE3478900B72E6D /* DGElasticPullToRefreshLoadingViewCircle.swift in Sources */,
				991774EE1CE30270007608D4 /* IHFRisRightView.swift in Sources */,
				992B03681CE3521C00B72E6D /* ThHeadRefreshView.swift in Sources */,
				992B03551CE3478900B72E6D /* DGElasticPullToRefreshLoadingView.swift in Sources */,
				992B03661CE3521C00B72E6D /* ThHeadArrowRefreshView.swift in Sources */,
				992B036B1CE3521C00B72E6D /* ThRefreshConst.swift in Sources */,
				992B036C1CE3521C00B72E6D /* UIScrollView+Extension.swift in Sources */,
				9916E7C91CE1D865001AAFAF /* AFHTTPRequestOperationManager.m in Sources */,
				992B03651CE3521C00B72E6D /* ThFootRefreshView.swift in Sources */,
				997EEC781CE5858D00BC6E65 /* IHFN_Ris.swift in Sources */,
				992B036D1CE3521C00B72E6D /* UIScrollView+ThRefresh.swift in Sources */,
				99D1BB621CE2DBC8007A438C /* IHFRisLeftView.swift in Sources */,
				99236A641CE1CABF007B558D /* ViewController.swift in Sources */,
				9916E7A41CE1D813001AAFAF /* IHFSupportDefine.swift in Sources */,
				992B036A1CE3521C00B72E6D /* ThRefreshBasicView.swift in Sources */,
				9916E7CA1CE1D865001AAFAF /* AFHTTPSessionManager.m in Sources */,
				99A3C4E01CE9B6B600EB5680 /* IHFRisModelCollection.swift in Sources */,
				99236A621CE1CABF007B558D /* AppDelegate.swift in Sources */,
				9916E79C1CE1D7C4001AAFAF /* IHFLoginViewController.swift in Sources */,
				99E6B4601CE5898500EF0077 /* IHFMantleHTL.swift in Sources */,
				99FE942C1CE5C34E00357992 /* IHFPatientListCell.swift in Sources */,
				9916E79B1CE1D7C4001AAFAF /* IHFLoginView.swift in Sources */,
				9916E7CC1CE1D865001AAFAF /* AFSecurityPolicy.m in Sources */,
				9916E79D1CE1D7C4001AAFAF /* IHFRisViewController.swift in Sources */,
				9916E7CE1CE1D865001AAFAF /* AFURLRequestSerialization.m in Sources */,
				99F82F1F1CE953B900B4A45F /* IHFRisSeriesListView.swift in Sources */,
				99F82F191CE6232C00B4A45F /* IHFRisReportView.swift in Sources */,
				9916E7CB1CE1D865001AAFAF /* AFNetworkReachabilityManager.m in Sources */,
				992B036E1CE3521C00B72E6D /* UIView+Extension.swift in Sources */,
				992B03531CE3478900B72E6D /* DGElasticPullToRefreshConstants.swift in Sources */,
				9916E7CF1CE1D865001AAFAF /* AFURLResponseSerialization.m in Sources */,
				9916E7A11CE1D7EB001AAFAF /* IHFMAccountModel.swift in Sources */,
				9916E7D21CE1D865001AAFAF /* IHFMAlertView.swift in Sources */,
				992B03571CE3478900B72E6D /* DGElasticPullToRefreshView.swift in Sources */,
				992B03541CE3478900B72E6D /* DGElasticPullToRefreshExtensions.swift in Sources */,
			);
			runOnlyForDeploymentPostprocessing = 0;
		};
		99236A6E1CE1CABF007B558D /* Sources */ = {
			isa = PBXSourcesBuildPhase;
			buildActionMask = 2147483647;
			files = (
				99236A771CE1CABF007B558D /* EgamiCidemTests.swift in Sources */,
			);
			runOnlyForDeploymentPostprocessing = 0;
		};
		99236A791CE1CABF007B558D /* Sources */ = {
			isa = PBXSourcesBuildPhase;
			buildActionMask = 2147483647;
			files = (
				99236A821CE1CABF007B558D /* EgamiCidemUITests.swift in Sources */,
			);
			runOnlyForDeploymentPostprocessing = 0;
		};
/* End PBXSourcesBuildPhase section */

/* Begin PBXTargetDependency section */
		99236A741CE1CABF007B558D /* PBXTargetDependency */ = {
			isa = PBXTargetDependency;
			target = 99236A5D1CE1CABF007B558D /* EgamiCidem */;
			targetProxy = 99236A731CE1CABF007B558D /* PBXContainerItemProxy */;
		};
		99236A7F1CE1CABF007B558D /* PBXTargetDependency */ = {
			isa = PBXTargetDependency;
			target = 99236A5D1CE1CABF007B558D /* EgamiCidem */;
			targetProxy = 99236A7E1CE1CABF007B558D /* PBXContainerItemProxy */;
		};
/* End PBXTargetDependency section */

/* Begin PBXVariantGroup section */
		99236A651CE1CABF007B558D /* Main.storyboard */ = {
			isa = PBXVariantGroup;
			children = (
				99236A661CE1CABF007B558D /* Base */,
			);
			name = Main.storyboard;
			sourceTree = "<group>";
		};
		99236A6A1CE1CABF007B558D /* LaunchScreen.storyboard */ = {
			isa = PBXVariantGroup;
			children = (
				99236A6B1CE1CABF007B558D /* Base */,
			);
			name = LaunchScreen.storyboard;
			sourceTree = "<group>";
		};
/* End PBXVariantGroup section */

/* Begin XCBuildConfiguration section */
		99236A841CE1CABF007B558D /* Debug */ = {
			isa = XCBuildConfiguration;
			buildSettings = {
				ALWAYS_SEARCH_USER_PATHS = NO;
				CLANG_CXX_LANGUAGE_STANDARD = "gnu++0x";
				CLANG_CXX_LIBRARY = "libc++";
				CLANG_ENABLE_MODULES = YES;
				CLANG_ENABLE_OBJC_ARC = YES;
				CLANG_WARN_BOOL_CONVERSION = YES;
				CLANG_WARN_CONSTANT_CONVERSION = YES;
				CLANG_WARN_DIRECT_OBJC_ISA_USAGE = YES_ERROR;
				CLANG_WARN_EMPTY_BODY = YES;
				CLANG_WARN_ENUM_CONVERSION = YES;
				CLANG_WARN_INT_CONVERSION = YES;
				CLANG_WARN_OBJC_ROOT_CLASS = YES_ERROR;
				CLANG_WARN_UNREACHABLE_CODE = YES;
				CLANG_WARN__DUPLICATE_METHOD_MATCH = YES;
				"CODE_SIGN_IDENTITY[sdk=iphoneos*]" = "iPhone Developer";
				COPY_PHASE_STRIP = NO;
				DEBUG_INFORMATION_FORMAT = dwarf;
				ENABLE_STRICT_OBJC_MSGSEND = YES;
				ENABLE_TESTABILITY = YES;
				GCC_C_LANGUAGE_STANDARD = gnu99;
				GCC_DYNAMIC_NO_PIC = NO;
				GCC_NO_COMMON_BLOCKS = YES;
				GCC_OPTIMIZATION_LEVEL = 0;
				GCC_PREPROCESSOR_DEFINITIONS = (
					"DEBUG=1",
					"$(inherited)",
				);
				GCC_WARN_64_TO_32_BIT_CONVERSION = YES;
				GCC_WARN_ABOUT_RETURN_TYPE = YES_ERROR;
				GCC_WARN_UNDECLARED_SELECTOR = YES;
				GCC_WARN_UNINITIALIZED_AUTOS = YES_AGGRESSIVE;
				GCC_WARN_UNUSED_FUNCTION = YES;
				GCC_WARN_UNUSED_VARIABLE = YES;
				IPHONEOS_DEPLOYMENT_TARGET = 9.2;
				MTL_ENABLE_DEBUG_INFO = YES;
				ONLY_ACTIVE_ARCH = YES;
				SDKROOT = iphoneos;
				SWIFT_OPTIMIZATION_LEVEL = "-Onone";
				TARGETED_DEVICE_FAMILY = 2;
			};
			name = Debug;
		};
		99236A851CE1CABF007B558D /* Release */ = {
			isa = XCBuildConfiguration;
			buildSettings = {
				ALWAYS_SEARCH_USER_PATHS = NO;
				CLANG_CXX_LANGUAGE_STANDARD = "gnu++0x";
				CLANG_CXX_LIBRARY = "libc++";
				CLANG_ENABLE_MODULES = YES;
				CLANG_ENABLE_OBJC_ARC = YES;
				CLANG_WARN_BOOL_CONVERSION = YES;
				CLANG_WARN_CONSTANT_CONVERSION = YES;
				CLANG_WARN_DIRECT_OBJC_ISA_USAGE = YES_ERROR;
				CLANG_WARN_EMPTY_BODY = YES;
				CLANG_WARN_ENUM_CONVERSION = YES;
				CLANG_WARN_INT_CONVERSION = YES;
				CLANG_WARN_OBJC_ROOT_CLASS = YES_ERROR;
				CLANG_WARN_UNREACHABLE_CODE = YES;
				CLANG_WARN__DUPLICATE_METHOD_MATCH = YES;
				"CODE_SIGN_IDENTITY[sdk=iphoneos*]" = "iPhone Developer";
				COPY_PHASE_STRIP = NO;
				DEBUG_INFORMATION_FORMAT = "dwarf-with-dsym";
				ENABLE_NS_ASSERTIONS = NO;
				ENABLE_STRICT_OBJC_MSGSEND = YES;
				GCC_C_LANGUAGE_STANDARD = gnu99;
				GCC_NO_COMMON_BLOCKS = YES;
				GCC_WARN_64_TO_32_BIT_CONVERSION = YES;
				GCC_WARN_ABOUT_RETURN_TYPE = YES_ERROR;
				GCC_WARN_UNDECLARED_SELECTOR = YES;
				GCC_WARN_UNINITIALIZED_AUTOS = YES_AGGRESSIVE;
				GCC_WARN_UNUSED_FUNCTION = YES;
				GCC_WARN_UNUSED_VARIABLE = YES;
				IPHONEOS_DEPLOYMENT_TARGET = 9.2;
				MTL_ENABLE_DEBUG_INFO = NO;
				SDKROOT = iphoneos;
				TARGETED_DEVICE_FAMILY = 2;
				VALIDATE_PRODUCT = YES;
			};
			name = Release;
		};
		99236A871CE1CABF007B558D /* Debug */ = {
			isa = XCBuildConfiguration;
			buildSettings = {
				ASSETCATALOG_COMPILER_APPICON_NAME = AppIcon;
				CLANG_ENABLE_MODULES = YES;
				CODE_SIGN_IDENTITY = "iPhone Developer";
				INFOPLIST_FILE = EgamiCidem/Info.plist;
				IPHONEOS_DEPLOYMENT_TARGET = 8.0;
				LD_RUNPATH_SEARCH_PATHS = "$(inherited) @executable_path/Frameworks";
				PRODUCT_BUNDLE_IDENTIFIER = com.ihefe.EgamiCidem;
				PRODUCT_NAME = "$(TARGET_NAME)";
				SWIFT_OBJC_BRIDGING_HEADER = "EgamiCidem/EgamiCidem-Bridging-Header.h";
				SWIFT_OPTIMIZATION_LEVEL = "-Onone";
			};
			name = Debug;
		};
		99236A881CE1CABF007B558D /* Release */ = {
			isa = XCBuildConfiguration;
			buildSettings = {
				ASSETCATALOG_COMPILER_APPICON_NAME = AppIcon;
				CLANG_ENABLE_MODULES = YES;
				CODE_SIGN_IDENTITY = "iPhone Developer";
				INFOPLIST_FILE = EgamiCidem/Info.plist;
				IPHONEOS_DEPLOYMENT_TARGET = 8.0;
				LD_RUNPATH_SEARCH_PATHS = "$(inherited) @executable_path/Frameworks";
				PRODUCT_BUNDLE_IDENTIFIER = com.ihefe.EgamiCidem;
				PRODUCT_NAME = "$(TARGET_NAME)";
				SWIFT_OBJC_BRIDGING_HEADER = "EgamiCidem/EgamiCidem-Bridging-Header.h";
			};
			name = Release;
		};
		99236A8A1CE1CABF007B558D /* Debug */ = {
			isa = XCBuildConfiguration;
			buildSettings = {
				BUNDLE_LOADER = "$(TEST_HOST)";
				INFOPLIST_FILE = EgamiCidemTests/Info.plist;
				LD_RUNPATH_SEARCH_PATHS = "$(inherited) @executable_path/Frameworks @loader_path/Frameworks";
				PRODUCT_BUNDLE_IDENTIFIER = com.ihefe.EgamiCidemTests;
				PRODUCT_NAME = "$(TARGET_NAME)";
				TEST_HOST = "$(BUILT_PRODUCTS_DIR)/EgamiCidem.app/EgamiCidem";
			};
			name = Debug;
		};
		99236A8B1CE1CABF007B558D /* Release */ = {
			isa = XCBuildConfiguration;
			buildSettings = {
				BUNDLE_LOADER = "$(TEST_HOST)";
				INFOPLIST_FILE = EgamiCidemTests/Info.plist;
				LD_RUNPATH_SEARCH_PATHS = "$(inherited) @executable_path/Frameworks @loader_path/Frameworks";
				PRODUCT_BUNDLE_IDENTIFIER = com.ihefe.EgamiCidemTests;
				PRODUCT_NAME = "$(TARGET_NAME)";
				TEST_HOST = "$(BUILT_PRODUCTS_DIR)/EgamiCidem.app/EgamiCidem";
			};
			name = Release;
		};
		99236A8D1CE1CABF007B558D /* Debug */ = {
			isa = XCBuildConfiguration;
			buildSettings = {
				INFOPLIST_FILE = EgamiCidemUITests/Info.plist;
				LD_RUNPATH_SEARCH_PATHS = "$(inherited) @executable_path/Frameworks @loader_path/Frameworks";
				PRODUCT_BUNDLE_IDENTIFIER = com.ihefe.EgamiCidemUITests;
				PRODUCT_NAME = "$(TARGET_NAME)";
				TEST_TARGET_NAME = EgamiCidem;
				USES_XCTRUNNER = YES;
			};
			name = Debug;
		};
		99236A8E1CE1CABF007B558D /* Release */ = {
			isa = XCBuildConfiguration;
			buildSettings = {
				INFOPLIST_FILE = EgamiCidemUITests/Info.plist;
				LD_RUNPATH_SEARCH_PATHS = "$(inherited) @executable_path/Frameworks @loader_path/Frameworks";
				PRODUCT_BUNDLE_IDENTIFIER = com.ihefe.EgamiCidemUITests;
				PRODUCT_NAME = "$(TARGET_NAME)";
				TEST_TARGET_NAME = EgamiCidem;
				USES_XCTRUNNER = YES;
			};
			name = Release;
		};
/* End XCBuildConfiguration section */

/* Begin XCConfigurationList section */
		99236A591CE1CABF007B558D /* Build configuration list for PBXProject "EgamiCidem" */ = {
			isa = XCConfigurationList;
			buildConfigurations = (
				99236A841CE1CABF007B558D /* Debug */,
				99236A851CE1CABF007B558D /* Release */,
			);
			defaultConfigurationIsVisible = 0;
			defaultConfigurationName = Release;
		};
		99236A861CE1CABF007B558D /* Build configuration list for PBXNativeTarget "EgamiCidem" */ = {
			isa = XCConfigurationList;
			buildConfigurations = (
				99236A871CE1CABF007B558D /* Debug */,
				99236A881CE1CABF007B558D /* Release */,
			);
			defaultConfigurationIsVisible = 0;
			defaultConfigurationName = Release;
		};
		99236A891CE1CABF007B558D /* Build configuration list for PBXNativeTarget "EgamiCidemTests" */ = {
			isa = XCConfigurationList;
			buildConfigurations = (
				99236A8A1CE1CABF007B558D /* Debug */,
				99236A8B1CE1CABF007B558D /* Release */,
			);
			defaultConfigurationIsVisible = 0;
			defaultConfigurationName = Release;
		};
		99236A8C1CE1CABF007B558D /* Build configuration list for PBXNativeTarget "EgamiCidemUITests" */ = {
			isa = XCConfigurationList;
			buildConfigurations = (
				99236A8D1CE1CABF007B558D /* Debug */,
				99236A8E1CE1CABF007B558D /* Release */,
			);
			defaultConfigurationIsVisible = 0;
			defaultConfigurationName = Release;
		};
/* End XCConfigurationList section */
	};
	rootObject = 99236A561CE1CABF007B558D /* Project object */;
}
